// !$*UTF8*$!
{
	archiveVersion = 1;
	classes = {
	};
	objectVersion = 77;
	objects = {

/* Begin PBXBuildFile section */
		28A6075E33AF698F199B204D /* Pods_TJHanaDemo.framework in Frameworks */ = {isa = PBXBuildFile; fileRef = 7B4D9E5130A639E695678374 /* Pods_TJHanaDemo.framework */; };
		7ABDA547741E93038B77CB7F /* Pods_TJHanaDemo_TJHanaDemoUITests.framework in Frameworks */ = {isa = PBXBuildFile; fileRef = EC7BCD0A8612B3DA03707F6A /* Pods_TJHanaDemo_TJHanaDemoUITests.framework */; };
		8DFBCED127472A76D30503A6 /* Pods_TJHanaDemoTests.framework in Frameworks */ = {isa = PBXBuildFile; fileRef = 006DE8103189B15444FF5D96 /* Pods_TJHanaDemoTests.framework */; };
/* End PBXBuildFile section */

/* Begin PBXContainerItemProxy section */
		B38D35572FAC5420008B087F /* PBXContainerItemProxy */ = {
			isa = PBXContainerItemProxy;
			containerPortal = B38D35382FAC541F008B087F /* Project object */;
			proxyType = 1;
			remoteGlobalIDString = B38D353F2FAC541F008B087F;
			remoteInfo = TJHanaDemo;
		};
		B38D35612FAC5420008B087F /* PBXContainerItemProxy */ = {
			isa = PBXContainerItemProxy;
			containerPortal = B38D35382FAC541F008B087F /* Project object */;
			proxyType = 1;
			remoteGlobalIDString = B38D353F2FAC541F008B087F;
			remoteInfo = TJHanaDemo;
		};
/* End PBXContainerItemProxy section */

/* Begin PBXFileReference section */
		006DE8103189B15444FF5D96 /* Pods_TJHanaDemoTests.framework */ = {isa = PBXFileReference; explicitFileType = wrapper.framework; includeInIndex = 0; path = Pods_TJHanaDemoTests.framework; sourceTree = BUILT_PRODUCTS_DIR; };
		0F841402E59EFF68FE33040B /* Pods-TJHanaDemo-TJHanaDemoUITests.release.xcconfig */ = {isa = PBXFileReference; includeInIndex = 1; lastKnownFileType = text.xcconfig; name = "Pods-TJHanaDemo-TJHanaDemoUITests.release.xcconfig"; path = "Target Support Files/Pods-TJHanaDemo-TJHanaDemoUITests/Pods-TJHanaDemo-TJHanaDemoUITests.release.xcconfig"; sourceTree = "<group>"; };
		22160C627F00383056636C94 /* Pods-TJHanaDemo.debug.xcconfig */ = {isa = PBXFileReference; includeInIndex = 1; lastKnownFileType = text.xcconfig; name = "Pods-TJHanaDemo.debug.xcconfig"; path = "Target Support Files/Pods-TJHanaDemo/Pods-TJHanaDemo.debug.xcconfig"; sourceTree = "<group>"; };
		535F21E6ADAFAB7B8682D887 /* Pods-TJHanaDemoTests.release.xcconfig */ = {isa = PBXFileReference; includeInIndex = 1; lastKnownFileType = text.xcconfig; name = "Pods-TJHanaDemoTests.release.xcconfig"; path = "Target Support Files/Pods-TJHanaDemoTests/Pods-TJHanaDemoTests.release.xcconfig"; sourceTree = "<group>"; };
		6633EC3214CCB6CF2315AFA9 /* Pods-TJHanaDemoTests.debug.xcconfig */ = {isa = PBXFileReference; includeInIndex = 1; lastKnownFileType = text.xcconfig; name = "Pods-TJHanaDemoTests.debug.xcconfig"; path = "Target Support Files/Pods-TJHanaDemoTests/Pods-TJHanaDemoTests.debug.xcconfig"; sourceTree = "<group>"; };
		6D0CC2843213978754336CEA /* Pods-TJHanaDemo.release.xcconfig */ = {isa = PBXFileReference; includeInIndex = 1; lastKnownFileType = text.xcconfig; name = "Pods-TJHanaDemo.release.xcconfig"; path = "Target Support Files/Pods-TJHanaDemo/Pods-TJHanaDemo.release.xcconfig"; sourceTree = "<group>"; };
		7B4D9E5130A639E695678374 /* Pods_TJHanaDemo.framework */ = {isa = PBXFileReference; explicitFileType = wrapper.framework; includeInIndex = 0; path = Pods_TJHanaDemo.framework; sourceTree = BUILT_PRODUCTS_DIR; };
		B38D35402FAC541F008B087F /* TJHanaDemo.app */ = {isa = PBXFileReference; explicitFileType = wrapper.application; includeInIndex = 0; path = TJHanaDemo.app; sourceTree = BUILT_PRODUCTS_DIR; };
		B38D35562FAC5420008B087F /* TJHanaDemoTests.xctest */ = {isa = PBXFileReference; explicitFileType = wrapper.cfbundle; includeInIndex = 0; path = TJHanaDemoTests.xctest; sourceTree = BUILT_PRODUCTS_DIR; };
		B38D35602FAC5420008B087F /* TJHanaDemoUITests.xctest */ = {isa = PBXFileReference; explicitFileType = wrapper.cfbundle; includeInIndex = 0; path = TJHanaDemoUITests.xctest; sourceTree = BUILT_PRODUCTS_DIR; };
		E6CF805C6BF1B94C9693C4AE /* Pods-TJHanaDemo-TJHanaDemoUITests.debug.xcconfig */ = {isa = PBXFileReference; includeInIndex = 1; lastKnownFileType = text.xcconfig; name = "Pods-TJHanaDemo-TJHanaDemoUITests.debug.xcconfig"; path = "Target Support Files/Pods-TJHanaDemo-TJHanaDemoUITests/Pods-TJHanaDemo-TJHanaDemoUITests.debug.xcconfig"; sourceTree = "<group>"; };
		EC7BCD0A8612B3DA03707F6A /* Pods_TJHanaDemo_TJHanaDemoUITests.framework */ = {isa = PBXFileReference; explicitFileType = wrapper.framework; includeInIndex = 0; path = Pods_TJHanaDemo_TJHanaDemoUITests.framework; sourceTree = BUILT_PRODUCTS_DIR; };
/* End PBXFileReference section */

/* Begin PBXFileSystemSynchronizedBuildFileExceptionSet section */
		B38D35682FAC5420008B087F /* Exceptions for "TJHanaDemo" folder in "TJHanaDemo" target */ = {
			isa = PBXFileSystemSynchronizedBuildFileExceptionSet;
			membershipExceptions = (
				Info.plist,
			);
			target = B38D353F2FAC541F008B087F /* TJHanaDemo */;
		};
/* End PBXFileSystemSynchronizedBuildFileExceptionSet section */

/* Begin PBXFileSystemSynchronizedRootGroup section */
		B38D35422FAC541F008B087F /* TJHanaDemo */ = {
			isa = PBXFileSystemSynchronizedRootGroup;
			exceptions = (
				B38D35682FAC5420008B087F /* Exceptions for "TJHanaDemo" folder in "TJHanaDemo" target */,
			);
			path = TJHanaDemo;
			sourceTree = "<group>";
		};
		B38D35592FAC5420008B087F /* TJHanaDemoTests */ = {
			isa = PBXFileSystemSynchronizedRootGroup;
			exceptions = (
			);
			path = TJHanaDemoTests;
			sourceTree = "<group>";
		};
		B38D35632FAC5420008B087F /* TJHanaDemoUITests */ = {
			isa = PBXFileSystemSynchronizedRootGroup;
			exceptions = (
			);
			path = TJHanaDemoUITests;
			sourceTree = "<group>";
		};
/* End PBXFileSystemSynchronizedRootGroup section */

/* Begin PBXFrameworksBuildPhase section */
		B38D353D2FAC541F008B087F /* Frameworks */ = {
			isa = PBXFrameworksBuildPhase;
			buildActionMask = 2147483647;
			files = (
				28A6075E33AF698F199B204D /* Pods_TJHanaDemo.framework in Frameworks */,
			);
			runOnlyForDeploymentPostprocessing = 0;
		};
		B38D35532FAC5420008B087F /* Frameworks */ = {
			isa = PBXFrameworksBuildPhase;
			buildActionMask = 2147483647;
			files = (
				8DFBCED127472A76D30503A6 /* Pods_TJHanaDemoTests.framework in Frameworks */,
			);
			runOnlyForDeploymentPostprocessing = 0;
		};
		B38D355D2FAC5420008B087F /* Frameworks */ = {
			isa = PBXFrameworksBuildPhase;
			buildActionMask = 2147483647;
			files = (
				7ABDA547741E93038B77CB7F /* Pods_TJHanaDemo_TJHanaDemoUITests.framework in Frameworks */,
			);
			runOnlyForDeploymentPostprocessing = 0;
		};
/* End PBXFrameworksBuildPhase section */

/* Begin PBXGroup section */
		45E664A1DACEB19F48FD2E8F /* Pods */ = {
			isa = PBXGroup;
			children = (
				22160C627F00383056636C94 /* Pods-TJHanaDemo.debug.xcconfig */,
				6D0CC2843213978754336CEA /* Pods-TJHanaDemo.release.xcconfig */,
				E6CF805C6BF1B94C9693C4AE /* Pods-TJHanaDemo-TJHanaDemoUITests.debug.xcconfig */,
				0F841402E59EFF68FE33040B /* Pods-TJHanaDemo-TJHanaDemoUITests.release.xcconfig */,
				6633EC3214CCB6CF2315AFA9 /* Pods-TJHanaDemoTests.debug.xcconfig */,
				535F21E6ADAFAB7B8682D887 /* Pods-TJHanaDemoTests.release.xcconfig */,
			);
			path = Pods;
			sourceTree = "<group>";
		};
		B38D35372FAC541F008B087F = {
			isa = PBXGroup;
			children = (
				B38D35422FAC541F008B087F /* TJHanaDemo */,
				B38D35592FAC5420008B087F /* TJHanaDemoTests */,
				B38D35632FAC5420008B087F /* TJHanaDemoUITests */,
				B38D35412FAC541F008B087F /* Products */,
				45E664A1DACEB19F48FD2E8F /* Pods */,
				DA7FC7D1299058CFB299E811 /* Frameworks */,
			);
			sourceTree = "<group>";
		};
		B38D35412FAC541F008B087F /* Products */ = {
			isa = PBXGroup;
			children = (
				B38D35402FAC541F008B087F /* TJHanaDemo.app */,
				B38D35562FAC5420008B087F /* TJHanaDemoTests.xctest */,
				B38D35602FAC5420008B087F /* TJHanaDemoUITests.xctest */,
			);
			name = Products;
			sourceTree = "<group>";
		};
		DA7FC7D1299058CFB299E811 /* Frameworks */ = {
			isa = PBXGroup;
			children = (
				7B4D9E5130A639E695678374 /* Pods_TJHanaDemo.framework */,
				EC7BCD0A8612B3DA03707F6A /* Pods_TJHanaDemo_TJHanaDemoUITests.framework */,
				006DE8103189B15444FF5D96 /* Pods_TJHanaDemoTests.framework */,
			);
			name = Frameworks;
			sourceTree = "<group>";
		};
/* End PBXGroup section */

/* Begin PBXNativeTarget section */
		B38D353F2FAC541F008B087F /* TJHanaDemo */ = {
			isa = PBXNativeTarget;
			buildConfigurationList = B38D35692FAC5420008B087F /* Build configuration list for PBXNativeTarget "TJHanaDemo" */;
			buildPhases = (
				B6BBA49A68880A6F543E086B /* [CP] Check Pods Manifest.lock */,
				B38D353C2FAC541F008B087F /* Sources */,
				B38D353D2FAC541F008B087F /* Frameworks */,
				B38D353E2FAC541F008B087F /* Resources */,
				F105516217C777F14D7E1A51 /* [CP] Embed Pods Frameworks */,
			);
			buildRules = (
			);
			dependencies = (
			);
			fileSystemSynchronizedGroups = (
				B38D35422FAC541F008B087F /* TJHanaDemo */,
			);
			name = TJHanaDemo;
			productName = TJHanaDemo;
			productReference = B38D35402FAC541F008B087F /* TJHanaDemo.app */;
			productType = "com.apple.product-type.application";
		};
		B38D35552FAC5420008B087F /* TJHanaDemoTests */ = {
			isa = PBXNativeTarget;
			buildConfigurationList = B38D356E2FAC5420008B087F /* Build configuration list for PBXNativeTarget "TJHanaDemoTests" */;
			buildPhases = (
				87A7FDF93A76438D5044F70B /* [CP] Check Pods Manifest.lock */,
				B38D35522FAC5420008B087F /* Sources */,
				B38D35532FAC5420008B087F /* Frameworks */,
				B38D35542FAC5420008B087F /* Resources */,
			);
			buildRules = (
			);
			dependencies = (
				B38D35582FAC5420008B087F /* PBXTargetDependency */,
			);
			fileSystemSynchronizedGroups = (
				B38D35592FAC5420008B087F /* TJHanaDemoTests */,
			);
			name = TJHanaDemoTests;
			productName = TJHanaDemoTests;
			productReference = B38D35562FAC5420008B087F /* TJHanaDemoTests.xctest */;
			productType = "com.apple.product-type.bundle.unit-test";
		};
		B38D355F2FAC5420008B087F /* TJHanaDemoUITests */ = {
			isa = PBXNativeTarget;
			buildConfigurationList = B38D35712FAC5420008B087F /* Build configuration list for PBXNativeTarget "TJHanaDemoUITests" */;
			buildPhases = (
				F6D744FC90032A87DDF4FD5E /* [CP] Check Pods Manifest.lock */,
				B38D355C2FAC5420008B087F /* Sources */,
				B38D355D2FAC5420008B087F /* Frameworks */,
				B38D355E2FAC5420008B087F /* Resources */,
				B0178AB58BF35017D3AEC3A1 /* [CP] Embed Pods Frameworks */,
			);
			buildRules = (
			);
			dependencies = (
				B38D35622FAC5420008B087F /* PBXTargetDependency */,
			);
			fileSystemSynchronizedGroups = (
				B38D35632FAC5420008B087F /* TJHanaDemoUITests */,
			);
			name = TJHanaDemoUITests;
			productName = TJHanaDemoUITests;
			productReference = B38D35602FAC5420008B087F /* TJHanaDemoUITests.xctest */;
			productType = "com.apple.product-type.bundle.ui-testing";
		};
/* End PBXNativeTarget section */

/* Begin PBXProject section */
		B38D35382FAC541F008B087F /* Project object */ = {
			isa = PBXProject;
			attributes = {
				BuildIndependentTargetsInParallel = 1;
				LastSwiftUpdateCheck = 2600;
				LastUpgradeCheck = 2600;
				TargetAttributes = {
					B38D353F2FAC541F008B087F = {
						CreatedOnToolsVersion = 26.0.1;
					};
					B38D35552FAC5420008B087F = {
						CreatedOnToolsVersion = 26.0.1;
						TestTargetID = B38D353F2FAC541F008B087F;
					};
					B38D355F2FAC5420008B087F = {
						CreatedOnToolsVersion = 26.0.1;
						TestTargetID = B38D353F2FAC541F008B087F;
					};
				};
			};
			buildConfigurationList = B38D353B2FAC541F008B087F /* Build configuration list for PBXProject "TJHanaDemo" */;
			developmentRegion = en;
			hasScannedForEncodings = 0;
			knownRegions = (
				en,
				Base,
			);
			mainGroup = B38D35372FAC541F008B087F;
			minimizedProjectReferenceProxies = 1;
			preferredProjectObjectVersion = 77;
			productRefGroup = B38D35412FAC541F008B087F /* Products */;
			projectDirPath = "";
			projectRoot = "";
			targets = (
				B38D353F2FAC541F008B087F /* TJHanaDemo */,
				B38D35552FAC5420008B087F /* TJHanaDemoTests */,
				B38D355F2FAC5420008B087F /* TJHanaDemoUITests */,
			);
		};
/* End PBXProject section */

/* Begin PBXResourcesBuildPhase section */
		B38D353E2FAC541F008B087F /* Resources */ = {
			isa = PBXResourcesBuildPhase;
			buildActionMask = 2147483647;
			files = (
			);
			runOnlyForDeploymentPostprocessing = 0;
		};
		B38D35542FAC5420008B087F /* Resources */ = {
			isa = PBXResourcesBuildPhase;
			buildActionMask = 2147483647;
			files = (
			);
			runOnlyForDeploymentPostprocessing = 0;
		};
		B38D355E2FAC5420008B087F /* Resources */ = {
			isa = PBXResourcesBuildPhase;
			buildActionMask = 2147483647;
			files = (
			);
			runOnlyForDeploymentPostprocessing = 0;
		};
/* End PBXResourcesBuildPhase section */

/* Begin PBXShellScriptBuildPhase section */
		87A7FDF93A76438D5044F70B /* [CP] Check Pods Manifest.lock */ = {
			isa = PBXShellScriptBuildPhase;
			buildActionMask = 2147483647;
			files = (
			);
			inputFileListPaths = (
			);
			inputPaths = (
				"${PODS_PODFILE_DIR_PATH}/Podfile.lock",
				"${PODS_ROOT}/Manifest.lock",
			);
			name = "[CP] Check Pods Manifest.lock";
			outputFileListPaths = (
			);
			outputPaths = (
				"$(DERIVED_FILE_DIR)/Pods-TJHanaDemoTests-checkManifestLockResult.txt",
			);
			runOnlyForDeploymentPostprocessing = 0;
			shellPath = /bin/sh;
			shellScript = "diff \"${PODS_PODFILE_DIR_PATH}/Podfile.lock\" \"${PODS_ROOT}/Manifest.lock\" > /dev/null\nif [ $? != 0 ] ; then\n    # print error to STDERR\n    echo \"error: The sandbox is not in sync with the Podfile.lock. Run 'pod install' or update your CocoaPods installation.\" >&2\n    exit 1\nfi\n# This output is used by Xcode 'outputs' to avoid re-running this script phase.\necho \"SUCCESS\" > \"${SCRIPT_OUTPUT_FILE_0}\"\n";
			showEnvVarsInLog = 0;
		};
		B0178AB58BF35017D3AEC3A1 /* [CP] Embed Pods Frameworks */ = {
			isa = PBXShellScriptBuildPhase;
			buildActionMask = 2147483647;
			files = (
			);
			inputFileListPaths = (
				"${PODS_ROOT}/Target Support Files/Pods-TJHanaDemo-TJHanaDemoUITests/Pods-TJHanaDemo-TJHanaDemoUITests-frameworks-${CONFIGURATION}-input-files.xcfilelist",
			);
			name = "[CP] Embed Pods Frameworks";
			outputFileListPaths = (
				"${PODS_ROOT}/Target Support Files/Pods-TJHanaDemo-TJHanaDemoUITests/Pods-TJHanaDemo-TJHanaDemoUITests-frameworks-${CONFIGURATION}-output-files.xcfilelist",
			);
			runOnlyForDeploymentPostprocessing = 0;
			shellPath = /bin/sh;
			shellScript = "\"${PODS_ROOT}/Target Support Files/Pods-TJHanaDemo-TJHanaDemoUITests/Pods-TJHanaDemo-TJHanaDemoUITests-frameworks.sh\"\n";
			showEnvVarsInLog = 0;
		};
		B6BBA49A68880A6F543E086B /* [CP] Check Pods Manifest.lock */ = {
			isa = PBXShellScriptBuildPhase;
			buildActionMask = 2147483647;
			files = (
			);
			inputFileListPaths = (
			);
			inputPaths = (
				"${PODS_PODFILE_DIR_PATH}/Podfile.lock",
				"${PODS_ROOT}/Manifest.lock",
			);
			name = "[CP] Check Pods Manifest.lock";
			outputFileListPaths = (
			);
			outputPaths = (
				"$(DERIVED_FILE_DIR)/Pods-TJHanaDemo-checkManifestLockResult.txt",
			);
			runOnlyForDeploymentPostprocessing = 0;
			shellPath = /bin/sh;
			shellScript = "diff \"${PODS_PODFILE_DIR_PATH}/Podfile.lock\" \"${PODS_ROOT}/Manifest.lock\" > /dev/null\nif [ $? != 0 ] ; then\n    # print error to STDERR\n    echo \"error: The sandbox is not in sync with the Podfile.lock. Run 'pod install' or update your CocoaPods installation.\" >&2\n    exit 1\nfi\n# This output is used by Xcode 'outputs' to avoid re-running this script phase.\necho \"SUCCESS\" > \"${SCRIPT_OUTPUT_FILE_0}\"\n";
			showEnvVarsInLog = 0;
		};
		F105516217C777F14D7E1A51 /* [CP] Embed Pods Frameworks */ = {
			isa = PBXShellScriptBuildPhase;
			buildActionMask = 2147483647;
			files = (
			);
			inputFileListPaths = (
				"${PODS_ROOT}/Target Support Files/Pods-TJHanaDemo/Pods-TJHanaDemo-frameworks-${CONFIGURATION}-input-files.xcfilelist",
			);
			name = "[CP] Embed Pods Frameworks";
			outputFileListPaths = (
				"${PODS_ROOT}/Target Support Files/Pods-TJHanaDemo/Pods-TJHanaDemo-frameworks-${CONFIGURATION}-output-files.xcfilelist",
			);
			runOnlyForDeploymentPostprocessing = 0;
			shellPath = /bin/sh;
			shellScript = "\"${PODS_ROOT}/Target Support Files/Pods-TJHanaDemo/Pods-TJHanaDemo-frameworks.sh\"\n";
			showEnvVarsInLog = 0;
		};
		F6D744FC90032A87DDF4FD5E /* [CP] Check Pods Manifest.lock */ = {
			isa = PBXShellScriptBuildPhase;
			buildActionMask = 2147483647;
			files = (
			);
			inputFileListPaths = (
			);
			inputPaths = (
				"${PODS_PODFILE_DIR_PATH}/Podfile.lock",
				"${PODS_ROOT}/Manifest.lock",
			);
			name = "[CP] Check Pods Manifest.lock";
			outputFileListPaths = (
			);
			outputPaths = (
				"$(DERIVED_FILE_DIR)/Pods-TJHanaDemo-TJHanaDemoUITests-checkManifestLockResult.txt",
			);
			runOnlyForDeploymentPostprocessing = 0;
			shellPath = /bin/sh;
			shellScript = "diff \"${PODS_PODFILE_DIR_PATH}/Podfile.lock\" \"${PODS_ROOT}/Manifest.lock\" > /dev/null\nif [ $? != 0 ] ; then\n    # print error to STDERR\n    echo \"error: The sandbox is not in sync with the Podfile.lock. Run 'pod install' or update your CocoaPods installation.\" >&2\n    exit 1\nfi\n# This output is used by Xcode 'outputs' to avoid re-running this script phase.\necho \"SUCCESS\" > \"${SCRIPT_OUTPUT_FILE_0}\"\n";
			showEnvVarsInLog = 0;
		};
/* End PBXShellScriptBuildPhase section */

/* Begin PBXSourcesBuildPhase section */
		B38D353C2FAC541F008B087F /* Sources */ = {
			isa = PBXSourcesBuildPhase;
			buildActionMask = 2147483647;
			files = (
			);
			runOnlyForDeploymentPostprocessing = 0;
		};
		B38D35522FAC5420008B087F /* Sources */ = {
			isa = PBXSourcesBuildPhase;
			buildActionMask = 2147483647;
			files = (
			);
			runOnlyForDeploymentPostprocessing = 0;
		};
		B38D355C2FAC5420008B087F /* Sources */ = {
			isa = PBXSourcesBuildPhase;
			buildActionMask = 2147483647;
			files = (
			);
			runOnlyForDeploymentPostprocessing = 0;
		};
/* End PBXSourcesBuildPhase section */

/* Begin PBXTargetDependency section */
		B38D35582FAC5420008B087F /* PBXTargetDependency */ = {
			isa = PBXTargetDependency;
			target = B38D353F2FAC541F008B087F /* TJHanaDemo */;
			targetProxy = B38D35572FAC5420008B087F /* PBXContainerItemProxy */;
		};
		B38D35622FAC5420008B087F /* PBXTargetDependency */ = {
			isa = PBXTargetDependency;
			target = B38D353F2FAC541F008B087F /* TJHanaDemo */;
			targetProxy = B38D35612FAC5420008B087F /* PBXContainerItemProxy */;
		};
/* End PBXTargetDependency section */

/* Begin XCBuildConfiguration section */
		B38D356A2FAC5420008B087F /* Debug */ = {
			isa = XCBuildConfiguration;
			baseConfigurationReference = 22160C627F00383056636C94 /* Pods-TJHanaDemo.debug.xcconfig */;
			buildSettings = {
				ASSETCATALOG_COMPILER_APPICON_NAME = AppIcon;
				ASSETCATALOG_COMPILER_GLOBAL_ACCENT_COLOR_NAME = AccentColor;
				CODE_SIGN_STYLE = Automatic;
				CURRENT_PROJECT_VERSION = 1;
				DEVELOPMENT_TEAM = G75UAV755N;
				ENABLE_USER_SCRIPT_SANDBOXING = NO;
				GENERATE_INFOPLIST_FILE = YES;
				INFOPLIST_FILE = TJHanaDemo/Info.plist;
				INFOPLIST_KEY_UIApplicationSupportsIndirectInputEvents = YES;
				INFOPLIST_KEY_UILaunchStoryboardName = LaunchScreen;
				INFOPLIST_KEY_UIMainStoryboardFile = Main;
				INFOPLIST_KEY_UISupportedInterfaceOrientations_iPad = "UIInterfaceOrientationPortrait UIInterfaceOrientationPortraitUpsideDown UIInterfaceOrientationLandscapeLeft UIInterfaceOrientationLandscapeRight";
				INFOPLIST_KEY_UISupportedInterfaceOrientations_iPhone = "UIInterfaceOrientationPortrait UIInterfaceOrientationLandscapeLeft UIInterfaceOrientationLandscapeRight";
				IPHONEOS_DEPLOYMENT_TARGET = 16.6;
				LD_RUNPATH_SEARCH_PATHS = (
					"$(inherited)",
					"@executable_path/Frameworks",
				);
				MARKETING_VERSION = 1.0;
				PRODUCT_BUNDLE_IDENTIFIER = com.tjlabscorp.ios.TJHanaDemo;
				PRODUCT_NAME = "$(TARGET_NAME)";
				STRING_CATALOG_GENERATE_SYMBOLS = YES;
				SUPPORTED_PLATFORMS = "iphoneos iphonesimulator";
				SUPPORTS_MACCATALYST = NO;
				SUPPORTS_MAC_DESIGNED_FOR_IPHONE_IPAD = NO;
				SUPPORTS_XR_DESIGNED_FOR_IPHONE_IPAD = NO;
				SWIFT_APPROACHABLE_CONCURRENCY = YES;
				SWIFT_DEFAULT_ACTOR_ISOLATION = MainActor;
				SWIFT_EMIT_LOC_STRINGS = YES;
				SWIFT_UPCOMING_FEATURE_MEMBER_IMPORT_VISIBILITY = YES;
				SWIFT_VERSION = 5.0;
				TARGETED_DEVICE_FAMILY = 1;
			};
			name = Debug;
		};
		B38D356B2FAC5420008B087F /* Release */ = {
			isa = XCBuildConfiguration;
			baseConfigurationReference = 6D0CC2843213978754336CEA /* Pods-TJHanaDemo.release.xcconfig */;
			buildSettings = {
				ASSETCATALOG_COMPILER_APPICON_NAME = AppIcon;
				ASSETCATALOG_COMPILER_GLOBAL_ACCENT_COLOR_NAME = AccentColor;
				CODE_SIGN_STYLE = Automatic;
				CURRENT_PROJECT_VERSION = 1;
				DEVELOPMENT_TEAM = G75UAV755N;
				ENABLE_USER_SCRIPT_SANDBOXING = NO;
				GENERATE_INFOPLIST_FILE = YES;
				INFOPLIST_FILE = TJHanaDemo/Info.plist;
				INFOPLIST_KEY_UIApplicationSupportsIndirectInputEvents = YES;
				INFOPLIST_KEY_UILaunchStoryboardName = LaunchScreen;
				INFOPLIST_KEY_UIMainStoryboardFile = Main;
				INFOPLIST_KEY_UISupportedInterfaceOrientations_iPad = "UIInterfaceOrientationPortrait UIInterfaceOrientationPortraitUpsideDown UIInterfaceOrientationLandscapeLeft UIInterfaceOrientationLandscapeRight";
				INFOPLIST_KEY_UISupportedInterfaceOrientations_iPhone = "UIInterfaceOrientationPortrait UIInterfaceOrientationLandscapeLeft UIInterfaceOrientationLandscapeRight";
				IPHONEOS_DEPLOYMENT_TARGET = 16.6;
				LD_RUNPATH_SEARCH_PATHS = (
					"$(inherited)",
					"@executable_path/Frameworks",
				);
				MARKETING_VERSION = 1.0;
				PRODUCT_BUNDLE_IDENTIFIER = com.tjlabscorp.ios.TJHanaDemo;
				PRODUCT_NAME = "$(TARGET_NAME)";
				STRING_CATALOG_GENERATE_SYMBOLS = YES;
				SUPPORTED_PLATFORMS = "iphoneos iphonesimulator";
				SUPPORTS_MACCATALYST = NO;
				SUPPORTS_MAC_DESIGNED_FOR_IPHONE_IPAD = NO;
				SUPPORTS_XR_DESIGNED_FOR_IPHONE_IPAD = NO;
				SWIFT_APPROACHABLE_CONCURRENCY = YES;
				SWIFT_DEFAULT_ACTOR_ISOLATION = MainActor;
				SWIFT_EMIT_LOC_STRINGS = YES;
				SWIFT_UPCOMING_FEATURE_MEMBER_IMPORT_VISIBILITY = YES;
				SWIFT_VERSION = 5.0;
				TARGETED_DEVICE_FAMILY = 1;
			};
			name = Release;
		};
		B38D356C2FAC5420008B087F /* Debug */ = {
			isa = XCBuildConfiguration;
			buildSettings = {
				ALWAYS_SEARCH_USER_PATHS = NO;
				ASSETCATALOG_COMPILER_GENERATE_SWIFT_ASSET_SYMBOL_EXTENSIONS = YES;
				CLANG_ANALYZER_NONNULL = YES;
				CLANG_ANALYZER_NUMBER_OBJECT_CONVERSION = YES_AGGRESSIVE;
				CLANG_CXX_LANGUAGE_STANDARD = "gnu++20";
				CLANG_ENABLE_MODULES = YES;
				CLANG_ENABLE_OBJC_ARC = YES;
				CLANG_ENABLE_OBJC_WEAK = YES;
				CLANG_WARN_BLOCK_CAPTURE_AUTORELEASING = YES;
				CLANG_WARN_BOOL_CONVERSION = YES;
				CLANG_WARN_COMMA = YES;
				CLANG_WARN_CONSTANT_CONVERSION = YES;
				CLANG_WARN_DEPRECATED_OBJC_IMPLEMENTATIONS = YES;
				CLANG_WARN_DIRECT_OBJC_ISA_USAGE = YES_ERROR;
				CLANG_WARN_DOCUMENTATION_COMMENTS = YES;
				CLANG_WARN_EMPTY_BODY = YES;
				CLANG_WARN_ENUM_CONVERSION = YES;
				CLANG_WARN_INFINITE_RECURSION = YES;
				CLANG_WARN_INT_CONVERSION = YES;
				CLANG_WARN_NON_LITERAL_NULL_CONVERSION = YES;
				CLANG_WARN_OBJC_IMPLICIT_RETAIN_SELF = YES;
				CLANG_WARN_OBJC_LITERAL_CONVERSION = YES;
				CLANG_WARN_OBJC_ROOT_CLASS = YES_ERROR;
				CLANG_WARN_QUOTED_INCLUDE_IN_FRAMEWORK_HEADER = YES;
				CLANG_WARN_RANGE_LOOP_ANALYSIS = YES;
				CLANG_WARN_STRICT_PROTOTYPES = YES;
				CLANG_WARN_SUSPICIOUS_MOVE = YES;
				CLANG_WARN_UNGUARDED_AVAILABILITY = YES_AGGRESSIVE;
				CLANG_WARN_UNREACHABLE_CODE = YES;
				CLANG_WARN__DUPLICATE_METHOD_MATCH = YES;
				COPY_PHASE_STRIP = NO;
				DEBUG_INFORMATION_FORMAT = dwarf;
				DEVELOPMENT_TEAM = G75UAV755N;
				ENABLE_STRICT_OBJC_MSGSEND = YES;
				ENABLE_TESTABILITY = YES;
				ENABLE_USER_SCRIPT_SANDBOXING = YES;
				GCC_C_LANGUAGE_STANDARD = gnu17;
				GCC_DYNAMIC_NO_PIC = NO;
				GCC_NO_COMMON_BLOCKS = YES;
				GCC_OPTIMIZATION_LEVEL = 0;
				GCC_PREPROCESSOR_DEFINITIONS = (
					"DEBUG=1",
					"$(inherited)",
				);
				GCC_WARN_64_TO_32_BIT_CONVERSION = YES;
				GCC_WARN_ABOUT_RETURN_TYPE = YES_ERROR;
				GCC_WARN_UNDECLARED_SELECTOR = YES;
				GCC_WARN_UNINITIALIZED_AUTOS = YES_AGGRESSIVE;
				GCC_WARN_UNUSED_FUNCTION = YES;
				GCC_WARN_UNUSED_VARIABLE = YES;
				IPHONEOS_DEPLOYMENT_TARGET = 16.6;
				LOCALIZATION_PREFERS_STRING_CATALOGS = YES;
				MTL_ENABLE_DEBUG_INFO = INCLUDE_SOURCE;
				MTL_FAST_MATH = YES;
				ONLY_ACTIVE_ARCH = YES;
				SDKROOT = iphoneos;
				SWIFT_ACTIVE_COMPILATION_CONDITIONS = "DEBUG $(inherited)";
				SWIFT_OPTIMIZATION_LEVEL = "-Onone";
			};
			name = Debug;
		};
		B38D356D2FAC5420008B087F /* Release */ = {
			isa = XCBuildConfiguration;
			buildSettings = {
				ALWAYS_SEARCH_USER_PATHS = NO;
				ASSETCATALOG_COMPILER_GENERATE_SWIFT_ASSET_SYMBOL_EXTENSIONS = YES;
				CLANG_ANALYZER_NONNULL = YES;
				CLANG_ANALYZER_NUMBER_OBJECT_CONVERSION = YES_AGGRESSIVE;
				CLANG_CXX_LANGUAGE_STANDARD = "gnu++20";
				CLANG_ENABLE_MODULES = YES;
				CLANG_ENABLE_OBJC_ARC = YES;
				CLANG_ENABLE_OBJC_WEAK = YES;
				CLANG_WARN_BLOCK_CAPTURE_AUTORELEASING = YES;
				CLANG_WARN_BOOL_CONVERSION = YES;
				CLANG_WARN_COMMA = YES;
				CLANG_WARN_CONSTANT_CONVERSION = YES;
				CLANG_WARN_DEPRECATED_OBJC_IMPLEMENTATIONS = YES;
				CLANG_WARN_DIRECT_OBJC_ISA_USAGE = YES_ERROR;
				CLANG_WARN_DOCUMENTATION_COMMENTS = YES;
				CLANG_WARN_EMPTY_BODY = YES;
				CLANG_WARN_ENUM_CONVERSION = YES;
				CLANG_WARN_INFINITE_RECURSION = YES;
				CLANG_WARN_INT_CONVERSION = YES;
				CLANG_WARN_NON_LITERAL_NULL_CONVERSION = YES;
				CLANG_WARN_OBJC_IMPLICIT_RETAIN_SELF = YES;
				CLANG_WARN_OBJC_LITERAL_CONVERSION = YES;
				CLANG_WARN_OBJC_ROOT_CLASS = YES_ERROR;
				CLANG_WARN_QUOTED_INCLUDE_IN_FRAMEWORK_HEADER = YES;
				CLANG_WARN_RANGE_LOOP_ANALYSIS = YES;
				CLANG_WARN_STRICT_PROTOTYPES = YES;
				CLANG_WARN_SUSPICIOUS_MOVE = YES;
				CLANG_WARN_UNGUARDED_AVAILABILITY = YES_AGGRESSIVE;
				CLANG_WARN_UNREACHABLE_CODE = YES;
				CLANG_WARN__DUPLICATE_METHOD_MATCH = YES;
				COPY_PHASE_STRIP = NO;
				DEBUG_INFORMATION_FORMAT = "dwarf-with-dsym";
				DEVELOPMENT_TEAM = G75UAV755N;
				ENABLE_NS_ASSERTIONS = NO;
				ENABLE_STRICT_OBJC_MSGSEND = YES;
				ENABLE_USER_SCRIPT_SANDBOXING = YES;
				GCC_C_LANGUAGE_STANDARD = gnu17;
				GCC_NO_COMMON_BLOCKS = YES;
				GCC_WARN_64_TO_32_BIT_CONVERSION = YES;
				GCC_WARN_ABOUT_RETURN_TYPE = YES_ERROR;
				GCC_WARN_UNDECLARED_SELECTOR = YES;
				GCC_WARN_UNINITIALIZED_AUTOS = YES_AGGRESSIVE;
				GCC_WARN_UNUSED_FUNCTION = YES;
				GCC_WARN_UNUSED_VARIABLE = YES;
				IPHONEOS_DEPLOYMENT_TARGET = 16.6;
				LOCALIZATION_PREFERS_STRING_CATALOGS = YES;
				MTL_ENABLE_DEBUG_INFO = NO;
				MTL_FAST_MATH = YES;
				SDKROOT = iphoneos;
				SWIFT_COMPILATION_MODE = wholemodule;
				VALIDATE_PRODUCT = YES;
			};
			name = Release;
		};
		B38D356F2FAC5420008B087F /* Debug */ = {
			isa = XCBuildConfiguration;
			baseConfigurationReference = 6633EC3214CCB6CF2315AFA9 /* Pods-TJHanaDemoTests.debug.xcconfig */;
			buildSettings = {
				BUNDLE_LOADER = "$(TEST_HOST)";
				CODE_SIGN_STYLE = Automatic;
				CURRENT_PROJECT_VERSION = 1;
				DEVELOPMENT_TEAM = G75UAV755N;
				GENERATE_INFOPLIST_FILE = YES;
				IPHONEOS_DEPLOYMENT_TARGET = 26.0;
				MARKETING_VERSION = 1.0;
				PRODUCT_BUNDLE_IDENTIFIER = com.tjlabscorp.ios.TJHanaDemoTests;
				PRODUCT_NAME = "$(TARGET_NAME)";
				STRING_CATALOG_GENERATE_SYMBOLS = NO;
				SWIFT_APPROACHABLE_CONCURRENCY = YES;
				SWIFT_EMIT_LOC_STRINGS = NO;
				SWIFT_UPCOMING_FEATURE_MEMBER_IMPORT_VISIBILITY = YES;
				SWIFT_VERSION = 5.0;
				TARGETED_DEVICE_FAMILY = "1,2";
				TEST_HOST = "$(BUILT_PRODUCTS_DIR)/TJHanaDemo.app/$(BUNDLE_EXECUTABLE_FOLDER_PATH)/TJHanaDemo";
			};
			name = Debug;
		};
		B38D35702FAC5420008B087F /* Release */ = {
			isa = XCBuildConfiguration;
			baseConfigurationReference = 535F21E6ADAFAB7B8682D887 /* Pods-TJHanaDemoTests.release.xcconfig */;
			buildSettings = {
				BUNDLE_LOADER = "$(TEST_HOST)";
				CODE_SIGN_STYLE = Automatic;
				CURRENT_PROJECT_VERSION = 1;
				DEVELOPMENT_TEAM = G75UAV755N;
				GENERATE_INFOPLIST_FILE = YES;
				IPHONEOS_DEPLOYMENT_TARGET = 26.0;
				MARKETING_VERSION = 1.0;
				PRODUCT_BUNDLE_IDENTIFIER = com.tjlabscorp.ios.TJHanaDemoTests;
				PRODUCT_NAME = "$(TARGET_NAME)";
				STRING_CATALOG_GENERATE_SYMBOLS = NO;
				SWIFT_APPROACHABLE_CONCURRENCY = YES;
				SWIFT_EMIT_LOC_STRINGS = NO;
				SWIFT_UPCOMING_FEATURE_MEMBER_IMPORT_VISIBILITY = YES;
				SWIFT_VERSION = 5.0;
				TARGETED_DEVICE_FAMILY = "1,2";
				TEST_HOST = "$(BUILT_PRODUCTS_DIR)/TJHanaDemo.app/$(BUNDLE_EXECUTABLE_FOLDER_PATH)/TJHanaDemo";
			};
			name = Release;
		};
		B38D35722FAC5420008B087F /* Debug */ = {
			isa = XCBuildConfiguration;
			baseConfigurationReference = E6CF805C6BF1B94C9693C4AE /* Pods-TJHanaDemo-TJHanaDemoUITests.debug.xcconfig */;
			buildSettings = {
				CODE_SIGN_STYLE = Automatic;
				CURRENT_PROJECT_VERSION = 1;
				DEVELOPMENT_TEAM = G75UAV755N;
				GENERATE_INFOPLIST_FILE = YES;
				MARKETING_VERSION = 1.0;
				PRODUCT_BUNDLE_IDENTIFIER = com.tjlabscorp.ios.TJHanaDemoUITests;
				PRODUCT_NAME = "$(TARGET_NAME)";
				STRING_CATALOG_GENERATE_SYMBOLS = NO;
				SWIFT_APPROACHABLE_CONCURRENCY = YES;
				SWIFT_EMIT_LOC_STRINGS = NO;
				SWIFT_UPCOMING_FEATURE_MEMBER_IMPORT_VISIBILITY = YES;
				SWIFT_VERSION = 5.0;
				TARGETED_DEVICE_FAMILY = "1,2";
				TEST_TARGET_NAME = TJHanaDemo;
			};
			name = Debug;
		};
		B38D35732FAC5420008B087F /* Release */ = {
			isa = XCBuildConfiguration;
			baseConfigurationReference = 0F841402E59EFF68FE33040B /* Pods-TJHanaDemo-TJHanaDemoUITests.release.xcconfig */;
			buildSettings = {
				CODE_SIGN_STYLE = Automatic;
				CURRENT_PROJECT_VERSION = 1;
				DEVELOPMENT_TEAM = G75UAV755N;
				GENERATE_INFOPLIST_FILE = YES;
				MARKETING_VERSION = 1.0;
				PRODUCT_BUNDLE_IDENTIFIER = com.tjlabscorp.ios.TJHanaDemoUITests;
				PRODUCT_NAME = "$(TARGET_NAME)";
				STRING_CATALOG_GENERATE_SYMBOLS = NO;
				SWIFT_APPROACHABLE_CONCURRENCY = YES;
				SWIFT_EMIT_LOC_STRINGS = NO;
				SWIFT_UPCOMING_FEATURE_MEMBER_IMPORT_VISIBILITY = YES;
				SWIFT_VERSION = 5.0;
				TARGETED_DEVICE_FAMILY = "1,2";
				TEST_TARGET_NAME = TJHanaDemo;
			};
			name = Release;
		};
/* End XCBuildConfiguration section */

/* Begin XCConfigurationList section */
		B38D353B2FAC541F008B087F /* Build configuration list for PBXProject "TJHanaDemo" */ = {
			isa = XCConfigurationList;
			buildConfigurations = (
				B38D356C2FAC5420008B087F /* Debug */,
				B38D356D2FAC5420008B087F /* Release */,
			);
			defaultConfigurationIsVisible = 0;
			defaultConfigurationName = Release;
		};
		B38D35692FAC5420008B087F /* Build configuration list for PBXNativeTarget "TJHanaDemo" */ = {
			isa = XCConfigurationList;
			buildConfigurations = (
				B38D356A2FAC5420008B087F /* Debug */,
				B38D356B2FAC5420008B087F /* Release */,
			);
			defaultConfigurationIsVisible = 0;
			defaultConfigurationName = Release;
		};
		B38D356E2FAC5420008B087F /* Build configuration list for PBXNativeTarget "TJHanaDemoTests" */ = {
			isa = XCConfigurationList;
			buildConfigurations = (
				B38D356F2FAC5420008B087F /* Debug */,
				B38D35702FAC5420008B087F /* Release */,
			);
			defaultConfigurationIsVisible = 0;
			defaultConfigurationName = Release;
		};
		B38D35712FAC5420008B087F /* Build configuration list for PBXNativeTarget "TJHanaDemoUITests" */ = {
			isa = XCConfigurationList;
			buildConfigurations = (
				B38D35722FAC5420008B087F /* Debug */,
				B38D35732FAC5420008B087F /* Release */,
			);
			defaultConfigurationIsVisible = 0;
			defaultConfigurationName = Release;
		};
/* End XCConfigurationList section */
	};
	rootObject = B38D35382FAC541F008B087F /* Project object */;
}
